
Microsoft Visual Studio Solution File, Format Version 12.00
# Visual Studio 2013
VisualStudioVersion = 12.0.40629.0
MinimumVisualStudioVersion = 10.0.40219.1
Project("{FAE04EC0-301F-11D3-BF4B-00C04F79EFBC}") = "TibiaPixelBot", "TibiaPixelBot\TibiaPixelBot.csproj", "{5FB0C5F6-E2D7-42B4-8135-D9B5E0D39483}"
EndProject
Global
	GlobalSection(TeamFoundationVersionControl) = preSolution
		SccNumberOfProjects = 2
		SccEnterpriseProvider = {4CA58AB2-18FA-4F8D-95D4-32DDF27D184C}
		SccTeamFoundationServer = https://eduardolucasmaia.visualstudio.com/
		SccLocalPath0 = .
		SccProjectUniqueName1 = TibiaPixelBot\\TibiaPixelBot.csproj
		SccProjectName1 = TibiaPixelBot
		SccLocalPath1 = TibiaPixelBot
	EndGlobalSection
	GlobalSection(SolutionConfigurationPlatforms) = preSolution
		Debug|Any CPU = Debug|Any CPU
		Release|Any CPU = Release|Any CPU
	EndGlobalSection
	GlobalSection(ProjectConfigurationPlatforms) = postSolution
		{5FB0C5F6-E2D7-42B4-8135-D9B5E0D39483}.Debug|Any CPU.ActiveCfg = Debug|Any CPU
		{5FB0C5F6-E2D7-42B4-8135-D9B5E0D39483}.Debug|Any CPU.Build.0 = Debug|Any CPU
		{5FB0C5F6-E2D7-42B4-8135-D9B5E0D39483}.Release|Any CPU.ActiveCfg = Release|Any CPU
		{5FB0C5F6-E2D7-42B4-8135-D9B5E0D39483}.Release|Any CPU.Build.0 = Release|Any CPU
	EndGlobalSection
	GlobalSection(SolutionProperties) = preSolution
		HideSolutionNode = FALSE
	EndGlobalSection
	GlobalSection(ExtensibilityGlobals) = postSolution
		SolutionGuid = {FDE61C58-C827-4438-AE23-3FD9BB3860C5}
	EndGlobalSection
EndGlobal
